
Microsoft Visual Studio Solution File, Format Version 12.00
# Visual Studio Version 17
VisualStudioVersion = 17.8.34316.72
MinimumVisualStudioVersion = 10.0.40219.1
Project("{2150E333-8FDC-42A3-9474-1A3956D46DE8}") = "ApiGateways", "ApiGateways", "{0F820B01-614E-4DD9-957C-D24D61D7E2E3}"
EndProject
Project("{2150E333-8FDC-42A3-9474-1A3956D46DE8}") = "Services", "Services", "{CF37AE6A-F27E-4B36-A94B-7D9FDA3590C1}"
EndProject
Project("{2150E333-8FDC-42A3-9474-1A3956D46DE8}") = "WebApps", "WebApps", "{239602CF-32DC-4304-B26F-085C9DA9EBE1}"
EndProject
Project("{2150E333-8FDC-42A3-9474-1A3956D46DE8}") = "BuildingBlocks", "BuildingBlocks", "{42781DF0-CCE4-442F-9311-365F1E967E22}"
EndProject
Project("{2150E333-8FDC-42A3-9474-1A3956D46DE8}") = "Customer", "Customer", "{12F8CC69-ADB2-4580-87BF-70610D3252F7}"
EndProject
Project("{2150E333-8FDC-42A3-9474-1A3956D46DE8}") = "Account", "Account", "{009FE34D-5D37-48BF-82F2-86DF97A3346B}"
EndProject
Project("{2150E333-8FDC-42A3-9474-1A3956D46DE8}") = "Transaction", "Transaction", "{EF084F80-3C27-4840-A048-DAA18816340D}"
EndProject
Project("{9A19103F-16F7-4668-BE54-9A1E7A4F7556}") = "Customer.API", "Services\Customer\Customer.API\Customer.API.csproj", "{780454A7-0491-49F7-9C82-B4794A93E9D1}"
EndProject
Project("{9A19103F-16F7-4668-BE54-9A1E7A4F7556}") = "Customer.Application", "Services\Customer\Customer.Application\Customer.Application.csproj", "{7FBA23FD-6F3F-497E-B66D-57513B1905E9}"
EndProject
Project("{9A19103F-16F7-4668-BE54-9A1E7A4F7556}") = "Customer.Domain", "Services\Customer\Customer.Domain\Customer.Domain.csproj", "{67C6A539-7C91-428E-8947-61BA6804AA66}"
EndProject
Project("{9A19103F-16F7-4668-BE54-9A1E7A4F7556}") = "Customer.Infrastructure", "Services\Customer\Customer.Infrastructure\Customer.Infrastructure.csproj", "{577D4B3E-10EE-4265-80BD-EE4BB81C05A7}"
EndProject
Project("{9A19103F-16F7-4668-BE54-9A1E7A4F7556}") = "Account.API", "Services\Account\Account.API\Account.API.csproj", "{7A485FB1-055A-4698-8607-7A8065579D95}"
EndProject
Project("{9A19103F-16F7-4668-BE54-9A1E7A4F7556}") = "Transaction.API", "Services\Transaction\Transaction.API\Transaction.API.csproj", "{28549787-AB80-45AF-A5F9-190FDE51F71A}"
EndProject
Project("{9A19103F-16F7-4668-BE54-9A1E7A4F7556}") = "WebStatus", "WebApps\WebStatus\WebStatus.csproj", "{2754D73F-1280-4C97-8C93-BBF6253430BC}"
EndProject
Project("{9A19103F-16F7-4668-BE54-9A1E7A4F7556}") = "Common.Logging", "BuildingBlocks\Common.Logging\Common.Logging.csproj", "{B3189F30-4ABB-4AD1-9E2F-470AF40CE72B}"
EndProject
Project("{9A19103F-16F7-4668-BE54-9A1E7A4F7556}") = "OcelotApiGateway", "ApiGateways\OcelotApiGateway\OcelotApiGateway.csproj", "{9DBF83BC-E4A1-4004-B7F9-672B3CD10729}"
EndProject
Project("{9A19103F-16F7-4668-BE54-9A1E7A4F7556}") = "Account.Application", "Services\Account\Account.Application\Account.Application.csproj", "{9FBE76A5-6CB3-473C-A80F-87CB40D5E4BE}"
EndProject
Project("{9A19103F-16F7-4668-BE54-9A1E7A4F7556}") = "Account.Domain", "Services\Account\Account.Domain\Account.Domain.csproj", "{3A41EAFD-51D4-4792-961F-4E8C0E9FDA53}"
EndProject
Project("{9A19103F-16F7-4668-BE54-9A1E7A4F7556}") = "Account.Infrastructure", "Services\Account\Account.Infrastructure\Account.Infrastructure.csproj", "{84EEB0FD-EC89-4E20-8257-DD7EB0EDE41C}"
EndProject
Project("{9A19103F-16F7-4668-BE54-9A1E7A4F7556}") = "Customer.GRPC", "Services\Customer\Customer.GRPC\Customer.GRPC.csproj", "{241F8245-0FF7-4FE1-BA43-580F3B8CF596}"
EndProject
Project("{9A19103F-16F7-4668-BE54-9A1E7A4F7556}") = "EventBus.Messages", "BuildingBlocks\EventBus.Messages\EventBus.Messages.csproj", "{26EF9DEC-FA79-4DD6-8059-554D8649BC41}"
EndProject
Project("{E53339B2-1760-4266-BCC7-CA923CBCF16C}") = "docker-compose", "docker-compose.dcproj", "{AF673A8C-9964-4B7D-927A-E96D81A3B7E2}"
EndProject
Global
	GlobalSection(SolutionConfigurationPlatforms) = preSolution
		Debug|Any CPU = Debug|Any CPU
		Release|Any CPU = Release|Any CPU
	EndGlobalSection
	GlobalSection(ProjectConfigurationPlatforms) = postSolution
		{780454A7-0491-49F7-9C82-B4794A93E9D1}.Debug|Any CPU.ActiveCfg = Debug|Any CPU
		{780454A7-0491-49F7-9C82-B4794A93E9D1}.Debug|Any CPU.Build.0 = Debug|Any CPU
		{780454A7-0491-49F7-9C82-B4794A93E9D1}.Release|Any CPU.ActiveCfg = Release|Any CPU
		{780454A7-0491-49F7-9C82-B4794A93E9D1}.Release|Any CPU.Build.0 = Release|Any CPU
		{7FBA23FD-6F3F-497E-B66D-57513B1905E9}.Debug|Any CPU.ActiveCfg = Debug|Any CPU
		{7FBA23FD-6F3F-497E-B66D-57513B1905E9}.Debug|Any CPU.Build.0 = Debug|Any CPU
		{7FBA23FD-6F3F-497E-B66D-57513B1905E9}.Release|Any CPU.ActiveCfg = Release|Any CPU
		{7FBA23FD-6F3F-497E-B66D-57513B1905E9}.Release|Any CPU.Build.0 = Release|Any CPU
		{67C6A539-7C91-428E-8947-61BA6804AA66}.Debug|Any CPU.ActiveCfg = Debug|Any CPU
		{67C6A539-7C91-428E-8947-61BA6804AA66}.Debug|Any CPU.Build.0 = Debug|Any CPU
		{67C6A539-7C91-428E-8947-61BA6804AA66}.Release|Any CPU.ActiveCfg = Release|Any CPU
		{67C6A539-7C91-428E-8947-61BA6804AA66}.Release|Any CPU.Build.0 = Release|Any CPU
		{577D4B3E-10EE-4265-80BD-EE4BB81C05A7}.Debug|Any CPU.ActiveCfg = Debug|Any CPU
		{577D4B3E-10EE-4265-80BD-EE4BB81C05A7}.Debug|Any CPU.Build.0 = Debug|Any CPU
		{577D4B3E-10EE-4265-80BD-EE4BB81C05A7}.Release|Any CPU.ActiveCfg = Release|Any CPU
		{577D4B3E-10EE-4265-80BD-EE4BB81C05A7}.Release|Any CPU.Build.0 = Release|Any CPU
		{7A485FB1-055A-4698-8607-7A8065579D95}.Debug|Any CPU.ActiveCfg = Debug|Any CPU
		{7A485FB1-055A-4698-8607-7A8065579D95}.Debug|Any CPU.Build.0 = Debug|Any CPU
		{7A485FB1-055A-4698-8607-7A8065579D95}.Release|Any CPU.ActiveCfg = Release|Any CPU
		{7A485FB1-055A-4698-8607-7A8065579D95}.Release|Any CPU.Build.0 = Release|Any CPU
		{28549787-AB80-45AF-A5F9-190FDE51F71A}.Debug|Any CPU.ActiveCfg = Debug|Any CPU
		{28549787-AB80-45AF-A5F9-190FDE51F71A}.Debug|Any CPU.Build.0 = Debug|Any CPU
		{28549787-AB80-45AF-A5F9-190FDE51F71A}.Release|Any CPU.ActiveCfg = Release|Any CPU
		{28549787-AB80-45AF-A5F9-190FDE51F71A}.Release|Any CPU.Build.0 = Release|Any CPU
		{2754D73F-1280-4C97-8C93-BBF6253430BC}.Debug|Any CPU.ActiveCfg = Debug|Any CPU
		{2754D73F-1280-4C97-8C93-BBF6253430BC}.Debug|Any CPU.Build.0 = Debug|Any CPU
		{2754D73F-1280-4C97-8C93-BBF6253430BC}.Release|Any CPU.ActiveCfg = Release|Any CPU
		{2754D73F-1280-4C97-8C93-BBF6253430BC}.Release|Any CPU.Build.0 = Release|Any CPU
		{B3189F30-4ABB-4AD1-9E2F-470AF40CE72B}.Debug|Any CPU.ActiveCfg = Debug|Any CPU
		{B3189F30-4ABB-4AD1-9E2F-470AF40CE72B}.Debug|Any CPU.Build.0 = Debug|Any CPU
		{B3189F30-4ABB-4AD1-9E2F-470AF40CE72B}.Release|Any CPU.ActiveCfg = Release|Any CPU
		{B3189F30-4ABB-4AD1-9E2F-470AF40CE72B}.Release|Any CPU.Build.0 = Release|Any CPU
		{9DBF83BC-E4A1-4004-B7F9-672B3CD10729}.Debug|Any CPU.ActiveCfg = Debug|Any CPU
		{9DBF83BC-E4A1-4004-B7F9-672B3CD10729}.Debug|Any CPU.Build.0 = Debug|Any CPU
		{9DBF83BC-E4A1-4004-B7F9-672B3CD10729}.Release|Any CPU.ActiveCfg = Release|Any CPU
		{9DBF83BC-E4A1-4004-B7F9-672B3CD10729}.Release|Any CPU.Build.0 = Release|Any CPU
		{9FBE76A5-6CB3-473C-A80F-87CB40D5E4BE}.Debug|Any CPU.ActiveCfg = Debug|Any CPU
		{9FBE76A5-6CB3-473C-A80F-87CB40D5E4BE}.Debug|Any CPU.Build.0 = Debug|Any CPU
		{9FBE76A5-6CB3-473C-A80F-87CB40D5E4BE}.Release|Any CPU.ActiveCfg = Release|Any CPU
		{9FBE76A5-6CB3-473C-A80F-87CB40D5E4BE}.Release|Any CPU.Build.0 = Release|Any CPU
		{3A41EAFD-51D4-4792-961F-4E8C0E9FDA53}.Debug|Any CPU.ActiveCfg = Debug|Any CPU
		{3A41EAFD-51D4-4792-961F-4E8C0E9FDA53}.Debug|Any CPU.Build.0 = Debug|Any CPU
		{3A41EAFD-51D4-4792-961F-4E8C0E9FDA53}.Release|Any CPU.ActiveCfg = Release|Any CPU
		{3A41EAFD-51D4-4792-961F-4E8C0E9FDA53}.Release|Any CPU.Build.0 = Release|Any CPU
		{84EEB0FD-EC89-4E20-8257-DD7EB0EDE41C}.Debug|Any CPU.ActiveCfg = Debug|Any CPU
		{84EEB0FD-EC89-4E20-8257-DD7EB0EDE41C}.Debug|Any CPU.Build.0 = Debug|Any CPU
		{84EEB0FD-EC89-4E20-8257-DD7EB0EDE41C}.Release|Any CPU.ActiveCfg = Release|Any CPU
		{84EEB0FD-EC89-4E20-8257-DD7EB0EDE41C}.Release|Any CPU.Build.0 = Release|Any CPU
		{241F8245-0FF7-4FE1-BA43-580F3B8CF596}.Debug|Any CPU.ActiveCfg = Debug|Any CPU
		{241F8245-0FF7-4FE1-BA43-580F3B8CF596}.Debug|Any CPU.Build.0 = Debug|Any CPU
		{241F8245-0FF7-4FE1-BA43-580F3B8CF596}.Release|Any CPU.ActiveCfg = Release|Any CPU
		{241F8245-0FF7-4FE1-BA43-580F3B8CF596}.Release|Any CPU.Build.0 = Release|Any CPU
		{26EF9DEC-FA79-4DD6-8059-554D8649BC41}.Debug|Any CPU.ActiveCfg = Debug|Any CPU
		{26EF9DEC-FA79-4DD6-8059-554D8649BC41}.Debug|Any CPU.Build.0 = Debug|Any CPU
		{26EF9DEC-FA79-4DD6-8059-554D8649BC41}.Release|Any CPU.ActiveCfg = Release|Any CPU
		{26EF9DEC-FA79-4DD6-8059-554D8649BC41}.Release|Any CPU.Build.0 = Release|Any CPU
		{AF673A8C-9964-4B7D-927A-E96D81A3B7E2}.Debug|Any CPU.ActiveCfg = Debug|Any CPU
		{AF673A8C-9964-4B7D-927A-E96D81A3B7E2}.Debug|Any CPU.Build.0 = Debug|Any CPU
		{AF673A8C-9964-4B7D-927A-E96D81A3B7E2}.Release|Any CPU.ActiveCfg = Release|Any CPU
		{AF673A8C-9964-4B7D-927A-E96D81A3B7E2}.Release|Any CPU.Build.0 = Release|Any CPU
	EndGlobalSection
	GlobalSection(SolutionProperties) = preSolution
		HideSolutionNode = FALSE
	EndGlobalSection
	GlobalSection(NestedProjects) = preSolution
		{12F8CC69-ADB2-4580-87BF-70610D3252F7} = {CF37AE6A-F27E-4B36-A94B-7D9FDA3590C1}
		{009FE34D-5D37-48BF-82F2-86DF97A3346B} = {CF37AE6A-F27E-4B36-A94B-7D9FDA3590C1}
		{EF084F80-3C27-4840-A048-DAA18816340D} = {CF37AE6A-F27E-4B36-A94B-7D9FDA3590C1}
		{780454A7-0491-49F7-9C82-B4794A93E9D1} = {12F8CC69-ADB2-4580-87BF-70610D3252F7}
		{7FBA23FD-6F3F-497E-B66D-57513B1905E9} = {12F8CC69-ADB2-4580-87BF-70610D3252F7}
		{67C6A539-7C91-428E-8947-61BA6804AA66} = {12F8CC69-ADB2-4580-87BF-70610D3252F7}
		{577D4B3E-10EE-4265-80BD-EE4BB81C05A7} = {12F8CC69-ADB2-4580-87BF-70610D3252F7}
		{7A485FB1-055A-4698-8607-7A8065579D95} = {009FE34D-5D37-48BF-82F2-86DF97A3346B}
		{28549787-AB80-45AF-A5F9-190FDE51F71A} = {EF084F80-3C27-4840-A048-DAA18816340D}
		{2754D73F-1280-4C97-8C93-BBF6253430BC} = {239602CF-32DC-4304-B26F-085C9DA9EBE1}
		{B3189F30-4ABB-4AD1-9E2F-470AF40CE72B} = {42781DF0-CCE4-442F-9311-365F1E967E22}
		{9DBF83BC-E4A1-4004-B7F9-672B3CD10729} = {0F820B01-614E-4DD9-957C-D24D61D7E2E3}
		{9FBE76A5-6CB3-473C-A80F-87CB40D5E4BE} = {009FE34D-5D37-48BF-82F2-86DF97A3346B}
		{3A41EAFD-51D4-4792-961F-4E8C0E9FDA53} = {009FE34D-5D37-48BF-82F2-86DF97A3346B}
		{84EEB0FD-EC89-4E20-8257-DD7EB0EDE41C} = {009FE34D-5D37-48BF-82F2-86DF97A3346B}
		{241F8245-0FF7-4FE1-BA43-580F3B8CF596} = {12F8CC69-ADB2-4580-87BF-70610D3252F7}
		{26EF9DEC-FA79-4DD6-8059-554D8649BC41} = {42781DF0-CCE4-442F-9311-365F1E967E22}
	EndGlobalSection
	GlobalSection(ExtensibilityGlobals) = postSolution
		SolutionGuid = {B8752804-FEC8-4A60-B7EA-09C18E44756F}
	EndGlobalSection
EndGlobal
